
Microsoft Visual Studio Solution File, Format Version 12.00
# Visual Studio Version 17
VisualStudioVersion = 17.5.33530.505
MinimumVisualStudioVersion = 10.0.40219.1
Project("{9A19103F-16F7-4668-BE54-9A1E7A4F7556}") = "ConsoleSpinner", "ConsoleSpinner\ConsoleSpinner.csproj", "{5B84551F-2371-4DAF-90C6-0D8FBED64026}"
EndProject
Project("{9A19103F-16F7-4668-BE54-9A1E7A4F7556}") = "Demo", "Demo\Demo.csproj", "{3EFDBD86-3C0B-4AB1-942F-E8A21C44D8C1}"
EndProject
Project("{2150E333-8FDC-42A3-9474-1A3956D46DE8}") = "Solution Items", "Solution Items", "{BA4952B5-B472-4EE5-9401-D21389BFC734}"
	ProjectSection(SolutionItems) = preProject
		..\README.md = ..\README.md
	EndProjectSection
EndProject
Global
	GlobalSection(SolutionConfigurationPlatforms) = preSolution
		Debug|Any CPU = Debug|Any CPU
		Release|Any CPU = Release|Any CPU
	EndGlobalSection
	GlobalSection(ProjectConfigurationPlatforms) = postSolution
		{5B84551F-2371-4DAF-90C6-0D8FBED64026}.Debug|Any CPU.ActiveCfg = Debug|Any CPU
		{5B84551F-2371-4DAF-90C6-0D8FBED64026}.Debug|Any CPU.Build.0 = Debug|Any CPU
		{5B84551F-2371-4DAF-90C6-0D8FBED64026}.Release|Any CPU.ActiveCfg = Release|Any CPU
		{5B84551F-2371-4DAF-90C6-0D8FBED64026}.Release|Any CPU.Build.0 = Release|Any CPU
		{3EFDBD86-3C0B-4AB1-942F-E8A21C44D8C1}.Debug|Any CPU.ActiveCfg = Debug|Any CPU
		{3EFDBD86-3C0B-4AB1-942F-E8A21C44D8C1}.Debug|Any CPU.Build.0 = Debug|Any CPU
		{3EFDBD86-3C0B-4AB1-942F-E8A21C44D8C1}.Release|Any CPU.ActiveCfg = Release|Any CPU
		{3EFDBD86-3C0B-4AB1-942F-E8A21C44D8C1}.Release|Any CPU.Build.0 = Release|Any CPU
	EndGlobalSection
	GlobalSection(SolutionProperties) = preSolution
		HideSolutionNode = FALSE
	EndGlobalSection
	GlobalSection(ExtensibilityGlobals) = postSolution
		SolutionGuid = {5E3E7587-0262-4D9A-956D-577892AD8F24}
	EndGlobalSection
EndGlobal
